
Microsoft Visual Studio Solution File, Format Version 12.00
# Visual Studio Version 16
VisualStudioVersion = 16.0.30413.136
MinimumVisualStudioVersion = 10.0.40219.1
Project("{FAE04EC0-301F-11D3-BF4B-00C04F79EFBC}") = "ProjetosWeb.Dashboard", "ProjetosWeb.Dashboard\ProjetosWeb.Dashboard.csproj", "{55107467-DADF-4F8C-96B5-D352DE0D65D7}"
EndProject
Project("{FAE04EC0-301F-11D3-BF4B-00C04F79EFBC}") = "ProjetosWeb.WebAPI", "ProjetosWeb.WebAPI\ProjetosWeb.WebAPI.csproj", "{C1795019-4998-4ED2-9ABA-0D7388FA214E}"
EndProject
Global
	GlobalSection(SolutionConfigurationPlatforms) = preSolution
		Debug|Any CPU = Debug|Any CPU
		Release|Any CPU = Release|Any CPU
	EndGlobalSection
	GlobalSection(ProjectConfigurationPlatforms) = postSolution
		{55107467-DADF-4F8C-96B5-D352DE0D65D7}.Debug|Any CPU.ActiveCfg = Debug|Any CPU
		{55107467-DADF-4F8C-96B5-D352DE0D65D7}.Debug|Any CPU.Build.0 = Debug|Any CPU
		{55107467-DADF-4F8C-96B5-D352DE0D65D7}.Release|Any CPU.ActiveCfg = Release|Any CPU
		{55107467-DADF-4F8C-96B5-D352DE0D65D7}.Release|Any CPU.Build.0 = Release|Any CPU
		{C1795019-4998-4ED2-9ABA-0D7388FA214E}.Debug|Any CPU.ActiveCfg = Debug|Any CPU
		{C1795019-4998-4ED2-9ABA-0D7388FA214E}.Debug|Any CPU.Build.0 = Debug|Any CPU
		{C1795019-4998-4ED2-9ABA-0D7388FA214E}.Release|Any CPU.ActiveCfg = Release|Any CPU
		{C1795019-4998-4ED2-9ABA-0D7388FA214E}.Release|Any CPU.Build.0 = Release|Any CPU
	EndGlobalSection
	GlobalSection(SolutionProperties) = preSolution
		HideSolutionNode = FALSE
	EndGlobalSection
	GlobalSection(ExtensibilityGlobals) = postSolution
		SolutionGuid = {C04DCA10-3BE9-461B-9247-EA5176F61552}
	EndGlobalSection
EndGlobal
