
Microsoft Visual Studio Solution File, Format Version 12.00
# Visual Studio Version 16
VisualStudioVersion = 16.0.30413.136
MinimumVisualStudioVersion = 10.0.40219.1
Project("{FAE04EC0-301F-11D3-BF4B-00C04F79EFBC}") = "ProjetosWebCovidApp", "ProjetosWebCovidApp\ProjetosWebCovidApp.csproj", "{58B507FC-BBA8-46C0-BBE4-A4D370B98CCA}"
EndProject
Global
	GlobalSection(SolutionConfigurationPlatforms) = preSolution
		Debug|Any CPU = Debug|Any CPU
		Release|Any CPU = Release|Any CPU
	EndGlobalSection
	GlobalSection(ProjectConfigurationPlatforms) = postSolution
		{58B507FC-BBA8-46C0-BBE4-A4D370B98CCA}.Debug|Any CPU.ActiveCfg = Debug|Any CPU
		{58B507FC-BBA8-46C0-BBE4-A4D370B98CCA}.Debug|Any CPU.Build.0 = Debug|Any CPU
		{58B507FC-BBA8-46C0-BBE4-A4D370B98CCA}.Release|Any CPU.ActiveCfg = Release|Any CPU
		{58B507FC-BBA8-46C0-BBE4-A4D370B98CCA}.Release|Any CPU.Build.0 = Release|Any CPU
	EndGlobalSection
	GlobalSection(SolutionProperties) = preSolution
		HideSolutionNode = FALSE
	EndGlobalSection
	GlobalSection(ExtensibilityGlobals) = postSolution
		SolutionGuid = {EBF8A03B-BAC7-41F9-ACA6-BAE070A76DDF}
	EndGlobalSection
EndGlobal
